
Microsoft Visual Studio Solution File, Format Version 12.00
# Visual Studio Version 17
VisualStudioVersion = 17.9.34616.47
MinimumVisualStudioVersion = 10.0.40219.1
Project("{FAE04EC0-301F-11D3-BF4B-00C04F79EFBC}") = "IAC-PRO", "IAC-PRO.csproj", "{E34C27A5-00A3-4FCF-9C4B-A3EBBA1B2C92}"
EndProject
Global
	GlobalSection(SolutionConfigurationPlatforms) = preSolution
		Debug|Any CPU = Debug|Any CPU
		Release|Any CPU = Release|Any CPU
	EndGlobalSection
	GlobalSection(ProjectConfigurationPlatforms) = postSolution
		{E34C27A5-00A3-4FCF-9C4B-A3EBBA1B2C92}.Debug|Any CPU.ActiveCfg = Debug|Any CPU
		{E34C27A5-00A3-4FCF-9C4B-A3EBBA1B2C92}.Debug|Any CPU.Build.0 = Debug|Any CPU
		{E34C27A5-00A3-4FCF-9C4B-A3EBBA1B2C92}.Release|Any CPU.ActiveCfg = Release|Any CPU
		{E34C27A5-00A3-4FCF-9C4B-A3EBBA1B2C92}.Release|Any CPU.Build.0 = Release|Any CPU
	EndGlobalSection
	GlobalSection(SolutionProperties) = preSolution
		HideSolutionNode = FALSE
	EndGlobalSection
	GlobalSection(ExtensibilityGlobals) = postSolution
		SolutionGuid = {85897E30-8185-48F2-BAEE-05000660ED93}
	EndGlobalSection
EndGlobal
